
Microsoft Visual Studio Solution File, Format Version 12.00
# Visual Studio Version 17
VisualStudioVersion = 17.8.34330.188
MinimumVisualStudioVersion = 10.0.40219.1
Project("{9A19103F-16F7-4668-BE54-9A1E7A4F7556}") = "Common", "Common\Common.csproj", "{9B5E89F8-36FB-4C64-B6F0-9A3F4A5B8D89}"
EndProject
Project("{9A19103F-16F7-4668-BE54-9A1E7A4F7556}") = "Data", "Data\Data.csproj", "{2634C5EB-A21E-416D-AADD-7F7AF54DDE62}"
EndProject
Project("{9A19103F-16F7-4668-BE54-9A1E7A4F7556}") = "Logic", "Logic\Logic.csproj", "{60CD64B0-56AC-45DC-BE80-A3BADB7A1CB9}"
EndProject
Project("{9A19103F-16F7-4668-BE54-9A1E7A4F7556}") = "Web", "Web\Web.csproj", "{DEBFB004-58AC-42FF-851F-EFFF8075641F}"
EndProject
Project("{FAE04EC0-301F-11D3-BF4B-00C04F79EFBC}") = "Test", "Test\Test.csproj", "{24DF6F61-6023-4CE9-9770-BBF0654B5776}"
EndProject
Global
	GlobalSection(SolutionConfigurationPlatforms) = preSolution
		Debug|Any CPU = Debug|Any CPU
		Release|Any CPU = Release|Any CPU
	EndGlobalSection
	GlobalSection(ProjectConfigurationPlatforms) = postSolution
		{9B5E89F8-36FB-4C64-B6F0-9A3F4A5B8D89}.Debug|Any CPU.ActiveCfg = Debug|Any CPU
		{9B5E89F8-36FB-4C64-B6F0-9A3F4A5B8D89}.Debug|Any CPU.Build.0 = Debug|Any CPU
		{9B5E89F8-36FB-4C64-B6F0-9A3F4A5B8D89}.Release|Any CPU.ActiveCfg = Release|Any CPU
		{9B5E89F8-36FB-4C64-B6F0-9A3F4A5B8D89}.Release|Any CPU.Build.0 = Release|Any CPU
		{2634C5EB-A21E-416D-AADD-7F7AF54DDE62}.Debug|Any CPU.ActiveCfg = Debug|Any CPU
		{2634C5EB-A21E-416D-AADD-7F7AF54DDE62}.Debug|Any CPU.Build.0 = Debug|Any CPU
		{2634C5EB-A21E-416D-AADD-7F7AF54DDE62}.Release|Any CPU.ActiveCfg = Release|Any CPU
		{2634C5EB-A21E-416D-AADD-7F7AF54DDE62}.Release|Any CPU.Build.0 = Release|Any CPU
		{60CD64B0-56AC-45DC-BE80-A3BADB7A1CB9}.Debug|Any CPU.ActiveCfg = Debug|Any CPU
		{60CD64B0-56AC-45DC-BE80-A3BADB7A1CB9}.Debug|Any CPU.Build.0 = Debug|Any CPU
		{60CD64B0-56AC-45DC-BE80-A3BADB7A1CB9}.Release|Any CPU.ActiveCfg = Release|Any CPU
		{60CD64B0-56AC-45DC-BE80-A3BADB7A1CB9}.Release|Any CPU.Build.0 = Release|Any CPU
		{DEBFB004-58AC-42FF-851F-EFFF8075641F}.Debug|Any CPU.ActiveCfg = Debug|Any CPU
		{DEBFB004-58AC-42FF-851F-EFFF8075641F}.Debug|Any CPU.Build.0 = Debug|Any CPU
		{DEBFB004-58AC-42FF-851F-EFFF8075641F}.Release|Any CPU.ActiveCfg = Release|Any CPU
		{DEBFB004-58AC-42FF-851F-EFFF8075641F}.Release|Any CPU.Build.0 = Release|Any CPU
		{24DF6F61-6023-4CE9-9770-BBF0654B5776}.Debug|Any CPU.ActiveCfg = Debug|Any CPU
		{24DF6F61-6023-4CE9-9770-BBF0654B5776}.Debug|Any CPU.Build.0 = Debug|Any CPU
		{24DF6F61-6023-4CE9-9770-BBF0654B5776}.Release|Any CPU.ActiveCfg = Release|Any CPU
		{24DF6F61-6023-4CE9-9770-BBF0654B5776}.Release|Any CPU.Build.0 = Release|Any CPU
	EndGlobalSection
	GlobalSection(SolutionProperties) = preSolution
		HideSolutionNode = FALSE
	EndGlobalSection
	GlobalSection(ExtensibilityGlobals) = postSolution
		SolutionGuid = {94E1E462-B5E2-48F5-96CC-B5475BC1C228}
	EndGlobalSection
EndGlobal
